
Microsoft Visual Studio Solution File, Format Version 12.00
# Visual Studio Version 17
VisualStudioVersion = 17.7.34031.279
MinimumVisualStudioVersion = 10.0.40219.1
Project("{FAE04EC0-301F-11D3-BF4B-00C04F79EFBC}") = "Klassen en events finish", "Klassen en events finish.csproj", "{A69C705F-B9DE-4003-B13D-BB453471BC8A}"
EndProject
Global
	GlobalSection(SolutionConfigurationPlatforms) = preSolution
		Debug|Any CPU = Debug|Any CPU
		Release|Any CPU = Release|Any CPU
	EndGlobalSection
	GlobalSection(ProjectConfigurationPlatforms) = postSolution
		{A69C705F-B9DE-4003-B13D-BB453471BC8A}.Debug|Any CPU.ActiveCfg = Debug|Any CPU
		{A69C705F-B9DE-4003-B13D-BB453471BC8A}.Debug|Any CPU.Build.0 = Debug|Any CPU
		{A69C705F-B9DE-4003-B13D-BB453471BC8A}.Release|Any CPU.ActiveCfg = Release|Any CPU
		{A69C705F-B9DE-4003-B13D-BB453471BC8A}.Release|Any CPU.Build.0 = Release|Any CPU
	EndGlobalSection
	GlobalSection(SolutionProperties) = preSolution
		HideSolutionNode = FALSE
	EndGlobalSection
	GlobalSection(ExtensibilityGlobals) = postSolution
		SolutionGuid = {202521FE-C041-4A2A-8FAA-B6DD152C4752}
	EndGlobalSection
EndGlobal
